
Microsoft Visual Studio Solution File, Format Version 12.00
Project("{FAE04EC0-301F-11D3-BF4B-00C04F79EFBC}") = "Domain", "Domain\Domain.csproj", "{9385C701-0908-4568-8BDF-F8BADBC54588}"
EndProject
Project("{FAE04EC0-301F-11D3-BF4B-00C04F79EFBC}") = "Application", "Application\Application.csproj", "{70F99FF4-BEA3-4A3D-88CC-8AAF66611521}"
EndProject
Project("{FAE04EC0-301F-11D3-BF4B-00C04F79EFBC}") = "Infrastructure", "Infrastructure\Infrastructure.csproj", "{FA94BA41-EF32-494D-BC9F-5A1A92540E53}"
EndProject
Project("{FAE04EC0-301F-11D3-BF4B-00C04F79EFBC}") = "Api", "Api\Api.csproj", "{8C54A535-DDEC-4EA2-8ABB-3AA7C0250356}"
EndProject
Project("{FAE04EC0-301F-11D3-BF4B-00C04F79EFBC}") = "Shared", "Shared\Shared.csproj", "{C3AF102E-FC43-4E4F-A90A-800E59414BF2}"
EndProject
Global
	GlobalSection(SolutionConfigurationPlatforms) = preSolution
		Debug|Any CPU = Debug|Any CPU
		Release|Any CPU = Release|Any CPU
	EndGlobalSection
	GlobalSection(ProjectConfigurationPlatforms) = postSolution
		{9385C701-0908-4568-8BDF-F8BADBC54588}.Debug|Any CPU.ActiveCfg = Debug|Any CPU
		{9385C701-0908-4568-8BDF-F8BADBC54588}.Debug|Any CPU.Build.0 = Debug|Any CPU
		{9385C701-0908-4568-8BDF-F8BADBC54588}.Release|Any CPU.ActiveCfg = Release|Any CPU
		{9385C701-0908-4568-8BDF-F8BADBC54588}.Release|Any CPU.Build.0 = Release|Any CPU
		{70F99FF4-BEA3-4A3D-88CC-8AAF66611521}.Debug|Any CPU.ActiveCfg = Debug|Any CPU
		{70F99FF4-BEA3-4A3D-88CC-8AAF66611521}.Debug|Any CPU.Build.0 = Debug|Any CPU
		{70F99FF4-BEA3-4A3D-88CC-8AAF66611521}.Release|Any CPU.ActiveCfg = Release|Any CPU
		{70F99FF4-BEA3-4A3D-88CC-8AAF66611521}.Release|Any CPU.Build.0 = Release|Any CPU
		{FA94BA41-EF32-494D-BC9F-5A1A92540E53}.Debug|Any CPU.ActiveCfg = Debug|Any CPU
		{FA94BA41-EF32-494D-BC9F-5A1A92540E53}.Debug|Any CPU.Build.0 = Debug|Any CPU
		{FA94BA41-EF32-494D-BC9F-5A1A92540E53}.Release|Any CPU.ActiveCfg = Release|Any CPU
		{FA94BA41-EF32-494D-BC9F-5A1A92540E53}.Release|Any CPU.Build.0 = Release|Any CPU
		{8C54A535-DDEC-4EA2-8ABB-3AA7C0250356}.Debug|Any CPU.ActiveCfg = Debug|Any CPU
		{8C54A535-DDEC-4EA2-8ABB-3AA7C0250356}.Debug|Any CPU.Build.0 = Debug|Any CPU
		{8C54A535-DDEC-4EA2-8ABB-3AA7C0250356}.Release|Any CPU.ActiveCfg = Release|Any CPU
		{8C54A535-DDEC-4EA2-8ABB-3AA7C0250356}.Release|Any CPU.Build.0 = Release|Any CPU
		{C3AF102E-FC43-4E4F-A90A-800E59414BF2}.Debug|Any CPU.ActiveCfg = Debug|Any CPU
		{C3AF102E-FC43-4E4F-A90A-800E59414BF2}.Debug|Any CPU.Build.0 = Debug|Any CPU
		{C3AF102E-FC43-4E4F-A90A-800E59414BF2}.Release|Any CPU.ActiveCfg = Release|Any CPU
		{C3AF102E-FC43-4E4F-A90A-800E59414BF2}.Release|Any CPU.Build.0 = Release|Any CPU
	EndGlobalSection
EndGlobal
